
Microsoft Visual Studio Solution File, Format Version 12.00
# Visual Studio Version 17
VisualStudioVersion = 17.1.32328.378
MinimumVisualStudioVersion = 10.0.40219.1
Project("{9A19103F-16F7-4668-BE54-9A1E7A4F7556}") = "LBMJ.Api", "LBMJ.Api\LBMJ.Api.csproj", "{C731A9F8-69C8-49FD-8072-04D797C72EF3}"
EndProject
Project("{2150E333-8FDC-42A3-9474-1A3956D46DE8}") = "CrossCutting", "CrossCutting", "{A86015B5-15F4-424D-8DD6-A876A7167545}"
EndProject
Project("{9A19103F-16F7-4668-BE54-9A1E7A4F7556}") = "LBMJ.Token", "LBMJ.Token\LBMJ.Token.csproj", "{667378A0-8642-436C-A2D0-B9FBF9655432}"
EndProject
Project("{2150E333-8FDC-42A3-9474-1A3956D46DE8}") = "Module", "Module", "{23982C94-CE47-4E9E-9B22-4F6A8EE96A70}"
EndProject
Project("{9A19103F-16F7-4668-BE54-9A1E7A4F7556}") = "LBMJ.Models", "LBMJ.Models\LBMJ.Models.csproj", "{509551C5-9725-492E-BB5A-A09D72EFA408}"
EndProject
Project("{9A19103F-16F7-4668-BE54-9A1E7A4F7556}") = "LBMJ.Bll", "LBMJ.Bll\LBMJ.Bll.csproj", "{9F647C27-515F-43F3-8100-890EF992A4B1}"
EndProject
Project("{9A19103F-16F7-4668-BE54-9A1E7A4F7556}") = "LBMJ.Bll.Infra", "LBMJ.Bll.Infra\LBMJ.Bll.Infra.csproj", "{E5624DEC-C868-4CDA-9005-E2D8FB670D99}"
EndProject
Project("{9A19103F-16F7-4668-BE54-9A1E7A4F7556}") = "LBMJ.Dal.MySql", "LBMJ.Dal\LBMJ.Dal.MySql.csproj", "{C9960490-1B95-4D49-A9C6-4BD4E21A4037}"
EndProject
Project("{9A19103F-16F7-4668-BE54-9A1E7A4F7556}") = "LBMJ.Dal.Infra", "LBMJ.Dal.Infra\LBMJ.Dal.Infra.csproj", "{F57E9AAF-1CC2-4BF4-A1E0-1C67DFE77818}"
EndProject
Project("{9A19103F-16F7-4668-BE54-9A1E7A4F7556}") = "LBMJ.IoC", "LBMJ.IoC\LBMJ.IoC.csproj", "{F9256345-3788-41C6-B38B-EE9820A36B72}"
EndProject
Project("{E53339B2-1760-4266-BCC7-CA923CBCF16C}") = "docker-compose", "docker-compose.dcproj", "{92C55CA3-94B6-4B10-B517-C33BC195C869}"
EndProject
Global
	GlobalSection(SolutionConfigurationPlatforms) = preSolution
		Debug|Any CPU = Debug|Any CPU
		Release|Any CPU = Release|Any CPU
	EndGlobalSection
	GlobalSection(ProjectConfigurationPlatforms) = postSolution
		{C731A9F8-69C8-49FD-8072-04D797C72EF3}.Debug|Any CPU.ActiveCfg = Debug|Any CPU
		{C731A9F8-69C8-49FD-8072-04D797C72EF3}.Debug|Any CPU.Build.0 = Debug|Any CPU
		{C731A9F8-69C8-49FD-8072-04D797C72EF3}.Release|Any CPU.ActiveCfg = Release|Any CPU
		{C731A9F8-69C8-49FD-8072-04D797C72EF3}.Release|Any CPU.Build.0 = Release|Any CPU
		{667378A0-8642-436C-A2D0-B9FBF9655432}.Debug|Any CPU.ActiveCfg = Debug|Any CPU
		{667378A0-8642-436C-A2D0-B9FBF9655432}.Debug|Any CPU.Build.0 = Debug|Any CPU
		{667378A0-8642-436C-A2D0-B9FBF9655432}.Release|Any CPU.ActiveCfg = Release|Any CPU
		{667378A0-8642-436C-A2D0-B9FBF9655432}.Release|Any CPU.Build.0 = Release|Any CPU
		{509551C5-9725-492E-BB5A-A09D72EFA408}.Debug|Any CPU.ActiveCfg = Debug|Any CPU
		{509551C5-9725-492E-BB5A-A09D72EFA408}.Debug|Any CPU.Build.0 = Debug|Any CPU
		{509551C5-9725-492E-BB5A-A09D72EFA408}.Release|Any CPU.ActiveCfg = Release|Any CPU
		{509551C5-9725-492E-BB5A-A09D72EFA408}.Release|Any CPU.Build.0 = Release|Any CPU
		{9F647C27-515F-43F3-8100-890EF992A4B1}.Debug|Any CPU.ActiveCfg = Debug|Any CPU
		{9F647C27-515F-43F3-8100-890EF992A4B1}.Debug|Any CPU.Build.0 = Debug|Any CPU
		{9F647C27-515F-43F3-8100-890EF992A4B1}.Release|Any CPU.ActiveCfg = Release|Any CPU
		{9F647C27-515F-43F3-8100-890EF992A4B1}.Release|Any CPU.Build.0 = Release|Any CPU
		{E5624DEC-C868-4CDA-9005-E2D8FB670D99}.Debug|Any CPU.ActiveCfg = Debug|Any CPU
		{E5624DEC-C868-4CDA-9005-E2D8FB670D99}.Debug|Any CPU.Build.0 = Debug|Any CPU
		{E5624DEC-C868-4CDA-9005-E2D8FB670D99}.Release|Any CPU.ActiveCfg = Release|Any CPU
		{E5624DEC-C868-4CDA-9005-E2D8FB670D99}.Release|Any CPU.Build.0 = Release|Any CPU
		{C9960490-1B95-4D49-A9C6-4BD4E21A4037}.Debug|Any CPU.ActiveCfg = Debug|Any CPU
		{C9960490-1B95-4D49-A9C6-4BD4E21A4037}.Debug|Any CPU.Build.0 = Debug|Any CPU
		{C9960490-1B95-4D49-A9C6-4BD4E21A4037}.Release|Any CPU.ActiveCfg = Release|Any CPU
		{C9960490-1B95-4D49-A9C6-4BD4E21A4037}.Release|Any CPU.Build.0 = Release|Any CPU
		{F57E9AAF-1CC2-4BF4-A1E0-1C67DFE77818}.Debug|Any CPU.ActiveCfg = Debug|Any CPU
		{F57E9AAF-1CC2-4BF4-A1E0-1C67DFE77818}.Debug|Any CPU.Build.0 = Debug|Any CPU
		{F57E9AAF-1CC2-4BF4-A1E0-1C67DFE77818}.Release|Any CPU.ActiveCfg = Release|Any CPU
		{F57E9AAF-1CC2-4BF4-A1E0-1C67DFE77818}.Release|Any CPU.Build.0 = Release|Any CPU
		{F9256345-3788-41C6-B38B-EE9820A36B72}.Debug|Any CPU.ActiveCfg = Debug|Any CPU
		{F9256345-3788-41C6-B38B-EE9820A36B72}.Debug|Any CPU.Build.0 = Debug|Any CPU
		{F9256345-3788-41C6-B38B-EE9820A36B72}.Release|Any CPU.ActiveCfg = Release|Any CPU
		{F9256345-3788-41C6-B38B-EE9820A36B72}.Release|Any CPU.Build.0 = Release|Any CPU
		{92C55CA3-94B6-4B10-B517-C33BC195C869}.Debug|Any CPU.ActiveCfg = Debug|Any CPU
		{92C55CA3-94B6-4B10-B517-C33BC195C869}.Debug|Any CPU.Build.0 = Debug|Any CPU
		{92C55CA3-94B6-4B10-B517-C33BC195C869}.Release|Any CPU.ActiveCfg = Release|Any CPU
		{92C55CA3-94B6-4B10-B517-C33BC195C869}.Release|Any CPU.Build.0 = Release|Any CPU
	EndGlobalSection
	GlobalSection(SolutionProperties) = preSolution
		HideSolutionNode = FALSE
	EndGlobalSection
	GlobalSection(NestedProjects) = preSolution
		{C731A9F8-69C8-49FD-8072-04D797C72EF3} = {23982C94-CE47-4E9E-9B22-4F6A8EE96A70}
		{667378A0-8642-436C-A2D0-B9FBF9655432} = {A86015B5-15F4-424D-8DD6-A876A7167545}
		{509551C5-9725-492E-BB5A-A09D72EFA408} = {23982C94-CE47-4E9E-9B22-4F6A8EE96A70}
		{9F647C27-515F-43F3-8100-890EF992A4B1} = {23982C94-CE47-4E9E-9B22-4F6A8EE96A70}
		{E5624DEC-C868-4CDA-9005-E2D8FB670D99} = {23982C94-CE47-4E9E-9B22-4F6A8EE96A70}
		{C9960490-1B95-4D49-A9C6-4BD4E21A4037} = {23982C94-CE47-4E9E-9B22-4F6A8EE96A70}
		{F57E9AAF-1CC2-4BF4-A1E0-1C67DFE77818} = {23982C94-CE47-4E9E-9B22-4F6A8EE96A70}
		{F9256345-3788-41C6-B38B-EE9820A36B72} = {A86015B5-15F4-424D-8DD6-A876A7167545}
		{92C55CA3-94B6-4B10-B517-C33BC195C869} = {23982C94-CE47-4E9E-9B22-4F6A8EE96A70}
	EndGlobalSection
	GlobalSection(ExtensibilityGlobals) = postSolution
		SolutionGuid = {B486C0FC-1360-46AC-9058-C5FF39A35B76}
	EndGlobalSection
EndGlobal
